{
  "name": "msb-custom-auth-script-example",
  "version": "1.0.1",
  "lockfileVersion": 2,
  "requires": true,
  "packages": {
    "": {
      "name": "msb-custom-auth-script-example",
      "version": "1.0.1",
      "license": "MIT",
      "dependencies": {
        "@mobisysgmbh/msb-custom-auth-api": "file:../msb-custom-auth-api"
      },
      "devDependencies": {
        "@types/node": "20.12.7",
        "fs-extra": "11.2.0",
        "prettier": "3.3.2",
        "rollup": "4.18.0",
        "rollup-plugin-typescript2": "0.36.0",
        "ts-node": "10.9.2",
        "typescript": "5.4.5"
      },
      "engines": {
        "node": ">=20.11.1",
        "npm": ">=10.2.4"
      }
    },
    "../msb-custom-auth-api": {
      "name": "@mobisysgmbh/msb-custom-auth-api",
      "version": "1.0.7",
      "license": "MIT",
      "devDependencies": {
        "@teckel.ts-internal/eslint-config": "18.0.0",
        "@teckel.ts-internal/prettier-config": "3.1.0",
        "@teckel.ts-internal/ts-config": "5.0.0",
        "@types/node": "20.12.7",
        "typescript": "5.4.5"
      },
      "engines": {
        "node": ">=20.11.1",
        "npm": ">=10.2.4"
      }
    },
    "node_modules/@cspotcode/source-map-support": {
      "version": "0.8.1",
      "resolved": "https://pkgs.dev.azure.com/mobisysgmbh/_packaging/mobisys/npm/registry/@cspotcode/source-map-support/-/source-map-support-0.8.1.tgz",
      "integrity": "sha1-AGKcNaaI4FqIsc2mhPudXnPwAKE=",
      "dev": true,
      "license": "MIT",
      "dependencies": {
        "@jridgewell/trace-mapping": "0.3.9"
      },
      "engines": {
        "node": ">=12"
      }
    },
    "node_modules/@jridgewell/resolve-uri": {
      "version": "3.1.2",
      "resolved": "https://pkgs.dev.azure.com/mobisysgmbh/_packaging/mobisys/npm/registry/@jridgewell/resolve-uri/-/resolve-uri-3.1.2.tgz",
      "integrity": "sha1-eg7mAfYPmaIMfHxf8MgDiMEYm9Y=",
      "dev": true,
      "license": "MIT",
      "engines": {
        "node": ">=6.0.0"
      }
    },
    "node_modules/@jridgewell/sourcemap-codec": {
      "version": "1.4.15",
      "resolved": "https://pkgs.dev.azure.com/mobisysgmbh/_packaging/mobisys/npm/registry/@jridgewell/sourcemap-codec/-/sourcemap-codec-1.4.15.tgz",
      "integrity": "sha1-18bmdVx4VnqVHgSrUu8P0m3lnzI=",
      "dev": true,
      "license": "MIT"
    },
    "node_modules/@jridgewell/trace-mapping": {
      "version": "0.3.9",
      "resolved": "https://pkgs.dev.azure.com/mobisysgmbh/_packaging/mobisys/npm/registry/@jridgewell/trace-mapping/-/trace-mapping-0.3.9.tgz",
      "integrity": "sha1-ZTT9WTOlO6fL86F2FeJzoNEnP/k=",
      "dev": true,
      "license": "MIT",
      "dependencies": {
        "@jridgewell/resolve-uri": "^3.0.3",
        "@jridgewell/sourcemap-codec": "^1.4.10"
      }
    },
    "node_modules/@mobisysgmbh/msb-custom-auth-api": {
      "resolved": "../msb-custom-auth-api",
      "link": true
    },
    "node_modules/@rollup/pluginutils": {
      "version": "4.2.1",
      "resolved": "https://pkgs.dev.azure.com/mobisysgmbh/_packaging/mobisys/npm/registry/@rollup/pluginutils/-/pluginutils-4.2.1.tgz",
      "integrity": "sha1-5sbDq6B0Ttzj+yB0ki03dsCvKm0=",
      "dev": true,
      "license": "MIT",
      "dependencies": {
        "estree-walker": "^2.0.1",
        "picomatch": "^2.2.2"
      },
      "engines": {
        "node": ">= 8.0.0"
      }
    },
    "node_modules/@rollup/rollup-android-arm-eabi": {
      "version": "4.18.0",
      "resolved": "https://pkgs.dev.azure.com/mobisysgmbh/_packaging/mobisys/npm/registry/@rollup/rollup-android-arm-eabi/-/rollup-android-arm-eabi-4.18.0.tgz",
      "integrity": "sha1-u9DmFrIHjNLWivyYJNH62y8v/Sc=",
      "cpu": [
        "arm"
      ],
      "dev": true,
      "license": "MIT",
      "optional": true,
      "os": [
        "android"
      ]
    },
    "node_modules/@rollup/rollup-android-arm64": {
      "version": "4.18.0",
      "resolved": "https://pkgs.dev.azure.com/mobisysgmbh/_packaging/mobisys/npm/registry/@rollup/rollup-android-arm64/-/rollup-android-arm64-4.18.0.tgz",
      "integrity": "sha1-lyVe9jhMX3P0gAwN6R9fZRjiEgM=",
      "cpu": [
        "arm64"
      ],
      "dev": true,
      "license": "MIT",
      "optional": true,
      "os": [
        "android"
      ]
    },
    "node_modules/@rollup/rollup-darwin-arm64": {
      "version": "4.18.0",
      "resolved": "https://pkgs.dev.azure.com/mobisysgmbh/_packaging/mobisys/npm/registry/@rollup/rollup-darwin-arm64/-/rollup-darwin-arm64-4.18.0.tgz",
      "integrity": "sha1-tt104RdRDf6UVBZGBnsFRbQv8JY=",
      "cpu": [
        "arm64"
      ],
      "dev": true,
      "license": "MIT",
      "optional": true,
      "os": [
        "darwin"
      ]
    },
    "node_modules/@rollup/rollup-darwin-x64": {
      "version": "4.18.0",
      "resolved": "https://pkgs.dev.azure.com/mobisysgmbh/_packaging/mobisys/npm/registry/@rollup/rollup-darwin-x64/-/rollup-darwin-x64-4.18.0.tgz",
      "integrity": "sha1-4H123hzsmHZz5/PUjMuOEG1CwFw=",
      "cpu": [
        "x64"
      ],
      "dev": true,
      "license": "MIT",
      "optional": true,
      "os": [
        "darwin"
      ]
    },
    "node_modules/@rollup/rollup-linux-arm-gnueabihf": {
      "version": "4.18.0",
      "resolved": "https://pkgs.dev.azure.com/mobisysgmbh/_packaging/mobisys/npm/registry/@rollup/rollup-linux-arm-gnueabihf/-/rollup-linux-arm-gnueabihf-4.18.0.tgz",
      "integrity": "sha1-nxptIYtWDJ11GFr0uLtC+fJHNrg=",
      "cpu": [
        "arm"
      ],
      "dev": true,
      "license": "MIT",
      "optional": true,
      "os": [
        "linux"
      ]
    },
    "node_modules/@rollup/rollup-linux-arm-musleabihf": {
      "version": "4.18.0",
      "resolved": "https://pkgs.dev.azure.com/mobisysgmbh/_packaging/mobisys/npm/registry/@rollup/rollup-linux-arm-musleabihf/-/rollup-linux-arm-musleabihf-4.18.0.tgz",
      "integrity": "sha1-U2GLkub/tkLHtiDm5ShEZREzBUk=",
      "cpu": [
        "arm"
      ],
      "dev": true,
      "license": "MIT",
      "optional": true,
      "os": [
        "linux"
      ]
    },
    "node_modules/@rollup/rollup-linux-arm64-gnu": {
      "version": "4.18.0",
      "resolved": "https://pkgs.dev.azure.com/mobisysgmbh/_packaging/mobisys/npm/registry/@rollup/rollup-linux-arm64-gnu/-/rollup-linux-arm64-gnu-4.18.0.tgz",
      "integrity": "sha1-mae6XnGdTwU3YaaY97Uikc77pXc=",
      "cpu": [
        "arm64"
      ],
      "dev": true,
      "license": "MIT",
      "optional": true,
      "os": [
        "linux"
      ]
    },
    "node_modules/@rollup/rollup-linux-arm64-musl": {
      "version": "4.18.0",
      "resolved": "https://pkgs.dev.azure.com/mobisysgmbh/_packaging/mobisys/npm/registry/@rollup/rollup-linux-arm64-musl/-/rollup-linux-arm64-musl-4.18.0.tgz",
      "integrity": "sha1-9T25mkXZvADOlNuKNe+nw8FEpYw=",
      "cpu": [
        "arm64"
      ],
      "dev": true,
      "license": "MIT",
      "optional": true,
      "os": [
        "linux"
      ]
    },
    "node_modules/@rollup/rollup-linux-powerpc64le-gnu": {
      "version": "4.18.0",
      "resolved": "https://pkgs.dev.azure.com/mobisysgmbh/_packaging/mobisys/npm/registry/@rollup/rollup-linux-powerpc64le-gnu/-/rollup-linux-powerpc64le-gnu-4.18.0.tgz",
      "integrity": "sha1-y7CDdAj+CBzjQ1zzcw4JD+uvyb8=",
      "cpu": [
        "ppc64"
      ],
      "dev": true,
      "license": "MIT",
      "optional": true,
      "os": [
        "linux"
      ]
    },
    "node_modules/@rollup/rollup-linux-riscv64-gnu": {
      "version": "4.18.0",
      "resolved": "https://pkgs.dev.azure.com/mobisysgmbh/_packaging/mobisys/npm/registry/@rollup/rollup-linux-riscv64-gnu/-/rollup-linux-riscv64-gnu-4.18.0.tgz",
      "integrity": "sha1-jtCcHRJiraTDjXkaKK4P6ii4DMk=",
      "cpu": [
        "riscv64"
      ],
      "dev": true,
      "license": "MIT",
      "optional": true,
      "os": [
        "linux"
      ]
    },
    "node_modules/@rollup/rollup-linux-s390x-gnu": {
      "version": "4.18.0",
      "resolved": "https://pkgs.dev.azure.com/mobisysgmbh/_packaging/mobisys/npm/registry/@rollup/rollup-linux-s390x-gnu/-/rollup-linux-s390x-gnu-4.18.0.tgz",
      "integrity": "sha1-k4E408jgyW8CIlKihEHc+xev1+w=",
      "cpu": [
        "s390x"
      ],
      "dev": true,
      "license": "MIT",
      "optional": true,
      "os": [
        "linux"
      ]
    },
    "node_modules/@rollup/rollup-linux-x64-gnu": {
      "version": "4.18.0",
      "resolved": "https://pkgs.dev.azure.com/mobisysgmbh/_packaging/mobisys/npm/registry/@rollup/rollup-linux-x64-gnu/-/rollup-linux-x64-gnu-4.18.0.tgz",
      "integrity": "sha1-GnSBE3pUdAvuHe1K5XUkUPFV2UI=",
      "cpu": [
        "x64"
      ],
      "dev": true,
      "license": "MIT",
      "optional": true,
      "os": [
        "linux"
      ]
    },
    "node_modules/@rollup/rollup-linux-x64-musl": {
      "version": "4.18.0",
      "resolved": "https://pkgs.dev.azure.com/mobisysgmbh/_packaging/mobisys/npm/registry/@rollup/rollup-linux-x64-musl/-/rollup-linux-x64-musl-4.18.0.tgz",
      "integrity": "sha1-8Rhq/GAaxPT8JfrEyhXsvuOhh00=",
      "cpu": [
        "x64"
      ],
      "dev": true,
      "license": "MIT",
      "optional": true,
      "os": [
        "linux"
      ]
    },
    "node_modules/@rollup/rollup-win32-arm64-msvc": {
      "version": "4.18.0",
      "resolved": "https://pkgs.dev.azure.com/mobisysgmbh/_packaging/mobisys/npm/registry/@rollup/rollup-win32-arm64-msvc/-/rollup-win32-arm64-msvc-4.18.0.tgz",
      "integrity": "sha1-7WYD6TY2qWIDxpFb5BFyRcG9La8=",
      "cpu": [
        "arm64"
      ],
      "dev": true,
      "license": "MIT",
      "optional": true,
      "os": [
        "win32"
      ]
    },
    "node_modules/@rollup/rollup-win32-ia32-msvc": {
      "version": "4.18.0",
      "resolved": "https://pkgs.dev.azure.com/mobisysgmbh/_packaging/mobisys/npm/registry/@rollup/rollup-win32-ia32-msvc/-/rollup-win32-ia32-msvc-4.18.0.tgz",
      "integrity": "sha1-FOC0BLHCXr5hV6Fe25xGlZunTFQ=",
      "cpu": [
        "ia32"
      ],
      "dev": true,
      "license": "MIT",
      "optional": true,
      "os": [
        "win32"
      ]
    },
    "node_modules/@rollup/rollup-win32-x64-msvc": {
      "version": "4.18.0",
      "resolved": "https://pkgs.dev.azure.com/mobisysgmbh/_packaging/mobisys/npm/registry/@rollup/rollup-win32-x64-msvc/-/rollup-win32-x64-msvc-4.18.0.tgz",
      "integrity": "sha1-XWlNNFzja27PZXNJ4D64cpfmjaQ=",
      "cpu": [
        "x64"
      ],
      "dev": true,
      "license": "MIT",
      "optional": true,
      "os": [
        "win32"
      ]
    },
    "node_modules/@tsconfig/node10": {
      "version": "1.0.11",
      "resolved": "https://pkgs.dev.azure.com/mobisysgmbh/_packaging/mobisys/npm/registry/@tsconfig/node10/-/node10-1.0.11.tgz",
      "integrity": "sha1-buRkAGhfEw4ngSjHs4t+Ax/1svI=",
      "dev": true,
      "license": "MIT"
    },
    "node_modules/@tsconfig/node12": {
      "version": "1.0.11",
      "resolved": "https://pkgs.dev.azure.com/mobisysgmbh/_packaging/mobisys/npm/registry/@tsconfig/node12/-/node12-1.0.11.tgz",
      "integrity": "sha1-7j3vHyfZ7WbaxuRqKVz/sBUuBY0=",
      "dev": true,
      "license": "MIT"
    },
    "node_modules/@tsconfig/node14": {
      "version": "1.0.3",
      "resolved": "https://pkgs.dev.azure.com/mobisysgmbh/_packaging/mobisys/npm/registry/@tsconfig/node14/-/node14-1.0.3.tgz",
      "integrity": "sha1-5DhjFihPALmENb9A9y91oJ2r9sE=",
      "dev": true,
      "license": "MIT"
    },
    "node_modules/@tsconfig/node16": {
      "version": "1.0.4",
      "resolved": "https://pkgs.dev.azure.com/mobisysgmbh/_packaging/mobisys/npm/registry/@tsconfig/node16/-/node16-1.0.4.tgz",
      "integrity": "sha1-C5LcwMwcgfbzBqOB8o4xsaVlNuk=",
      "dev": true,
      "license": "MIT"
    },
    "node_modules/@types/estree": {
      "version": "1.0.5",
      "resolved": "https://pkgs.dev.azure.com/mobisysgmbh/_packaging/mobisys/npm/registry/@types/estree/-/estree-1.0.5.tgz",
      "integrity": "sha1-ps4+VW4A/ZiV3Yct0XKtDUvWh/Q=",
      "dev": true,
      "license": "MIT"
    },
    "node_modules/@types/node": {
      "version": "20.12.7",
      "resolved": "https://pkgs.dev.azure.com/mobisysgmbh/_packaging/mobisys/npm/registry/@types/node/-/node-20.12.7.tgz",
      "integrity": "sha1-BAgDYvo91sWCIGGqMST1wVLP84Q=",
      "dev": true,
      "license": "MIT",
      "dependencies": {
        "undici-types": "~5.26.4"
      }
    },
    "node_modules/acorn": {
      "version": "8.11.3",
      "resolved": "https://pkgs.dev.azure.com/mobisysgmbh/_packaging/mobisys/npm/registry/acorn/-/acorn-8.11.3.tgz",
      "integrity": "sha1-ceCxThOk7BYHJLOPt7DyM7G4HXo=",
      "dev": true,
      "license": "MIT",
      "bin": {
        "acorn": "bin/acorn"
      },
      "engines": {
        "node": ">=0.4.0"
      }
    },
    "node_modules/acorn-walk": {
      "version": "8.3.2",
      "resolved": "https://pkgs.dev.azure.com/mobisysgmbh/_packaging/mobisys/npm/registry/acorn-walk/-/acorn-walk-8.3.2.tgz",
      "integrity": "sha1-dwOvlBXxttuTFdaJVQOGLiMdNKo=",
      "dev": true,
      "license": "MIT",
      "engines": {
        "node": ">=0.4.0"
      }
    },
    "node_modules/arg": {
      "version": "4.1.3",
      "resolved": "https://pkgs.dev.azure.com/mobisysgmbh/_packaging/mobisys/npm/registry/arg/-/arg-4.1.3.tgz",
      "integrity": "sha1-Jp/HrVuOQstjyJbVZmAXJhwUQIk=",
      "dev": true,
      "license": "MIT"
    },
    "node_modules/commondir": {
      "version": "1.0.1",
      "resolved": "https://pkgs.dev.azure.com/mobisysgmbh/_packaging/mobisys/npm/registry/commondir/-/commondir-1.0.1.tgz",
      "integrity": "sha1-3dgA2gxmEnOTzKWVDqloo6rxJTs=",
      "dev": true,
      "license": "MIT"
    },
    "node_modules/create-require": {
      "version": "1.1.1",
      "resolved": "https://pkgs.dev.azure.com/mobisysgmbh/_packaging/mobisys/npm/registry/create-require/-/create-require-1.1.1.tgz",
      "integrity": "sha1-wdfo8eX2z8n/ZfnNNS03NIdWwzM=",
      "dev": true,
      "license": "MIT"
    },
    "node_modules/diff": {
      "version": "4.0.2",
      "resolved": "https://pkgs.dev.azure.com/mobisysgmbh/_packaging/mobisys/npm/registry/diff/-/diff-4.0.2.tgz",
      "integrity": "sha1-YPOuy4nV+uUgwRqhnvwruYKq3n0=",
      "dev": true,
      "license": "BSD-3-Clause",
      "engines": {
        "node": ">=0.3.1"
      }
    },
    "node_modules/estree-walker": {
      "version": "2.0.2",
      "resolved": "https://pkgs.dev.azure.com/mobisysgmbh/_packaging/mobisys/npm/registry/estree-walker/-/estree-walker-2.0.2.tgz",
      "integrity": "sha1-UvAQF4wqTBF6d1fP6UKtt9LaTKw=",
      "dev": true,
      "license": "MIT"
    },
    "node_modules/find-cache-dir": {
      "version": "3.3.2",
      "resolved": "https://pkgs.dev.azure.com/mobisysgmbh/_packaging/mobisys/npm/registry/find-cache-dir/-/find-cache-dir-3.3.2.tgz",
      "integrity": "sha1-swxbbv8HMHMa6pu9nb7L2AJW1ks=",
      "dev": true,
      "license": "MIT",
      "dependencies": {
        "commondir": "^1.0.1",
        "make-dir": "^3.0.2",
        "pkg-dir": "^4.1.0"
      },
      "engines": {
        "node": ">=8"
      },
      "funding": {
        "url": "https://github.com/avajs/find-cache-dir?sponsor=1"
      }
    },
    "node_modules/find-up": {
      "version": "4.1.0",
      "resolved": "https://pkgs.dev.azure.com/mobisysgmbh/_packaging/mobisys/npm/registry/find-up/-/find-up-4.1.0.tgz",
      "integrity": "sha1-l6/n1s3AvFkoWEt8jXsW6KmqXRk=",
      "dev": true,
      "license": "MIT",
      "dependencies": {
        "locate-path": "^5.0.0",
        "path-exists": "^4.0.0"
      },
      "engines": {
        "node": ">=8"
      }
    },
    "node_modules/fs-extra": {
      "version": "11.2.0",
      "resolved": "https://pkgs.dev.azure.com/mobisysgmbh/_packaging/mobisys/npm/registry/fs-extra/-/fs-extra-11.2.0.tgz",
      "integrity": "sha1-5w4X361kIyKH0BkpOZ4Op8hrDls=",
      "dev": true,
      "license": "MIT",
      "dependencies": {
        "graceful-fs": "^4.2.0",
        "jsonfile": "^6.0.1",
        "universalify": "^2.0.0"
      },
      "engines": {
        "node": ">=14.14"
      }
    },
    "node_modules/fsevents": {
      "version": "2.3.3",
      "resolved": "https://pkgs.dev.azure.com/mobisysgmbh/_packaging/mobisys/npm/registry/fsevents/-/fsevents-2.3.3.tgz",
      "integrity": "sha1-ysZAd4XQNnWipeGlMFxpezR9kNY=",
      "dev": true,
      "license": "MIT",
      "optional": true,
      "os": [
        "darwin"
      ],
      "engines": {
        "node": "^8.16.0 || ^10.6.0 || >=11.0.0"
      }
    },
    "node_modules/graceful-fs": {
      "version": "4.2.11",
      "resolved": "https://pkgs.dev.azure.com/mobisysgmbh/_packaging/mobisys/npm/registry/graceful-fs/-/graceful-fs-4.2.11.tgz",
      "integrity": "sha1-QYPk6L8Iu24Fu7L30uDI9xLKQOM=",
      "dev": true,
      "license": "ISC"
    },
    "node_modules/jsonfile": {
      "version": "6.1.0",
      "resolved": "https://pkgs.dev.azure.com/mobisysgmbh/_packaging/mobisys/npm/registry/jsonfile/-/jsonfile-6.1.0.tgz",
      "integrity": "sha1-vFWyY0eTxnnsZAMJTrE2mKbsCq4=",
      "dev": true,
      "license": "MIT",
      "dependencies": {
        "universalify": "^2.0.0"
      },
      "optionalDependencies": {
        "graceful-fs": "^4.1.6"
      }
    },
    "node_modules/locate-path": {
      "version": "5.0.0",
      "resolved": "https://pkgs.dev.azure.com/mobisysgmbh/_packaging/mobisys/npm/registry/locate-path/-/locate-path-5.0.0.tgz",
      "integrity": "sha1-Gvujlq/WdqbUJQTQpno6frn2KqA=",
      "dev": true,
      "license": "MIT",
      "dependencies": {
        "p-locate": "^4.1.0"
      },
      "engines": {
        "node": ">=8"
      }
    },
    "node_modules/make-dir": {
      "version": "3.1.0",
      "resolved": "https://pkgs.dev.azure.com/mobisysgmbh/_packaging/mobisys/npm/registry/make-dir/-/make-dir-3.1.0.tgz",
      "integrity": "sha1-QV6WcEazp/HRhSd9hKpYIDcmoT8=",
      "dev": true,
      "license": "MIT",
      "dependencies": {
        "semver": "^6.0.0"
      },
      "engines": {
        "node": ">=8"
      },
      "funding": {
        "url": "https://github.com/sponsors/sindresorhus"
      }
    },
    "node_modules/make-dir/node_modules/semver": {
      "version": "6.3.1",
      "resolved": "https://pkgs.dev.azure.com/mobisysgmbh/_packaging/mobisys/npm/registry/semver/-/semver-6.3.1.tgz",
      "integrity": "sha1-VW0u+GiRRuRtzqS/3QlfNDTf/LQ=",
      "dev": true,
      "license": "ISC",
      "bin": {
        "semver": "bin/semver.js"
      }
    },
    "node_modules/make-error": {
      "version": "1.3.6",
      "resolved": "https://pkgs.dev.azure.com/mobisysgmbh/_packaging/mobisys/npm/registry/make-error/-/make-error-1.3.6.tgz",
      "integrity": "sha1-LrLjfqm2fEiR9oShOUeZr0hM96I=",
      "dev": true,
      "license": "ISC"
    },
    "node_modules/p-limit": {
      "version": "2.3.0",
      "resolved": "https://pkgs.dev.azure.com/mobisysgmbh/_packaging/mobisys/npm/registry/p-limit/-/p-limit-2.3.0.tgz",
      "integrity": "sha1-PdM8ZHohT9//2DWTPrCG2g3CHbE=",
      "dev": true,
      "license": "MIT",
      "dependencies": {
        "p-try": "^2.0.0"
      },
      "engines": {
        "node": ">=6"
      },
      "funding": {
        "url": "https://github.com/sponsors/sindresorhus"
      }
    },
    "node_modules/p-locate": {
      "version": "4.1.0",
      "resolved": "https://pkgs.dev.azure.com/mobisysgmbh/_packaging/mobisys/npm/registry/p-locate/-/p-locate-4.1.0.tgz",
      "integrity": "sha1-o0KLtwiLOmApL2aRkni3wpetTwc=",
      "dev": true,
      "license": "MIT",
      "dependencies": {
        "p-limit": "^2.2.0"
      },
      "engines": {
        "node": ">=8"
      }
    },
    "node_modules/p-try": {
      "version": "2.2.0",
      "resolved": "https://pkgs.dev.azure.com/mobisysgmbh/_packaging/mobisys/npm/registry/p-try/-/p-try-2.2.0.tgz",
      "integrity": "sha1-yyhoVA4xPWHeWPr741zpAE1VQOY=",
      "dev": true,
      "license": "MIT",
      "engines": {
        "node": ">=6"
      }
    },
    "node_modules/path-exists": {
      "version": "4.0.0",
      "resolved": "https://pkgs.dev.azure.com/mobisysgmbh/_packaging/mobisys/npm/registry/path-exists/-/path-exists-4.0.0.tgz",
      "integrity": "sha1-UTvb4tO5XXdi6METfvoZXGxhtbM=",
      "dev": true,
      "license": "MIT",
      "engines": {
        "node": ">=8"
      }
    },
    "node_modules/picomatch": {
      "version": "2.3.1",
      "resolved": "https://pkgs.dev.azure.com/mobisysgmbh/_packaging/mobisys/npm/registry/picomatch/-/picomatch-2.3.1.tgz",
      "integrity": "sha1-O6ODNzNkbZ0+SZWUbBNlpn+wekI=",
      "dev": true,
      "license": "MIT",
      "engines": {
        "node": ">=8.6"
      },
      "funding": {
        "url": "https://github.com/sponsors/jonschlinkert"
      }
    },
    "node_modules/pkg-dir": {
      "version": "4.2.0",
      "resolved": "https://pkgs.dev.azure.com/mobisysgmbh/_packaging/mobisys/npm/registry/pkg-dir/-/pkg-dir-4.2.0.tgz",
      "integrity": "sha1-8JkTPfft5CLoHR2ESCcO6z5CYfM=",
      "dev": true,
      "license": "MIT",
      "dependencies": {
        "find-up": "^4.0.0"
      },
      "engines": {
        "node": ">=8"
      }
    },
    "node_modules/prettier": {
      "version": "3.3.2",
      "resolved": "https://pkgs.dev.azure.com/mobisysgmbh/_packaging/mobisys/npm/registry/prettier/-/prettier-3.3.2.tgz",
      "integrity": "sha1-A/+G3HyDXy0lWe52h2o5FM7EqQo=",
      "dev": true,
      "license": "MIT",
      "bin": {
        "prettier": "bin/prettier.cjs"
      },
      "engines": {
        "node": ">=14"
      },
      "funding": {
        "url": "https://github.com/prettier/prettier?sponsor=1"
      }
    },
    "node_modules/rollup": {
      "version": "4.18.0",
      "resolved": "https://pkgs.dev.azure.com/mobisysgmbh/_packaging/mobisys/npm/registry/rollup/-/rollup-4.18.0.tgz",
      "integrity": "sha1-SX9g8MUwjkYCz0ETYzn7+H1fXdo=",
      "dev": true,
      "license": "MIT",
      "dependencies": {
        "@types/estree": "1.0.5"
      },
      "bin": {
        "rollup": "dist/bin/rollup"
      },
      "engines": {
        "node": ">=18.0.0",
        "npm": ">=8.0.0"
      },
      "optionalDependencies": {
        "@rollup/rollup-android-arm-eabi": "4.18.0",
        "@rollup/rollup-android-arm64": "4.18.0",
        "@rollup/rollup-darwin-arm64": "4.18.0",
        "@rollup/rollup-darwin-x64": "4.18.0",
        "@rollup/rollup-linux-arm-gnueabihf": "4.18.0",
        "@rollup/rollup-linux-arm-musleabihf": "4.18.0",
        "@rollup/rollup-linux-arm64-gnu": "4.18.0",
        "@rollup/rollup-linux-arm64-musl": "4.18.0",
        "@rollup/rollup-linux-powerpc64le-gnu": "4.18.0",
        "@rollup/rollup-linux-riscv64-gnu": "4.18.0",
        "@rollup/rollup-linux-s390x-gnu": "4.18.0",
        "@rollup/rollup-linux-x64-gnu": "4.18.0",
        "@rollup/rollup-linux-x64-musl": "4.18.0",
        "@rollup/rollup-win32-arm64-msvc": "4.18.0",
        "@rollup/rollup-win32-ia32-msvc": "4.18.0",
        "@rollup/rollup-win32-x64-msvc": "4.18.0",
        "fsevents": "~2.3.2"
      }
    },
    "node_modules/rollup-plugin-typescript2": {
      "version": "0.36.0",
      "resolved": "https://pkgs.dev.azure.com/mobisysgmbh/_packaging/mobisys/npm/registry/rollup-plugin-typescript2/-/rollup-plugin-typescript2-0.36.0.tgz",
      "integrity": "sha1-MJVk63DXEEEvWQE0TKkgReGA7VM=",
      "dev": true,
      "license": "MIT",
      "dependencies": {
        "@rollup/pluginutils": "^4.1.2",
        "find-cache-dir": "^3.3.2",
        "fs-extra": "^10.0.0",
        "semver": "^7.5.4",
        "tslib": "^2.6.2"
      },
      "peerDependencies": {
        "rollup": ">=1.26.3",
        "typescript": ">=2.4.0"
      }
    },
    "node_modules/rollup-plugin-typescript2/node_modules/fs-extra": {
      "version": "10.1.0",
      "resolved": "https://pkgs.dev.azure.com/mobisysgmbh/_packaging/mobisys/npm/registry/fs-extra/-/fs-extra-10.1.0.tgz",
      "integrity": "sha1-Aoc8+8QITd4SfqpfmQXu8jJdGr8=",
      "dev": true,
      "license": "MIT",
      "dependencies": {
        "graceful-fs": "^4.2.0",
        "jsonfile": "^6.0.1",
        "universalify": "^2.0.0"
      },
      "engines": {
        "node": ">=12"
      }
    },
    "node_modules/semver": {
      "version": "7.6.2",
      "resolved": "https://pkgs.dev.azure.com/mobisysgmbh/_packaging/mobisys/npm/registry/semver/-/semver-7.6.2.tgz",
      "integrity": "sha1-Hjs0dZ+Jbo8U1hNHMs55iusMbhM=",
      "dev": true,
      "license": "ISC",
      "bin": {
        "semver": "bin/semver.js"
      },
      "engines": {
        "node": ">=10"
      }
    },
    "node_modules/ts-node": {
      "version": "10.9.2",
      "resolved": "https://pkgs.dev.azure.com/mobisysgmbh/_packaging/mobisys/npm/registry/ts-node/-/ts-node-10.9.2.tgz",
      "integrity": "sha1-cPAhyeGFvM3Kgg4m3EE4BcEBxx8=",
      "dev": true,
      "license": "MIT",
      "dependencies": {
        "@cspotcode/source-map-support": "^0.8.0",
        "@tsconfig/node10": "^1.0.7",
        "@tsconfig/node12": "^1.0.7",
        "@tsconfig/node14": "^1.0.0",
        "@tsconfig/node16": "^1.0.2",
        "acorn": "^8.4.1",
        "acorn-walk": "^8.1.1",
        "arg": "^4.1.0",
        "create-require": "^1.1.0",
        "diff": "^4.0.1",
        "make-error": "^1.1.1",
        "v8-compile-cache-lib": "^3.0.1",
        "yn": "3.1.1"
      },
      "bin": {
        "ts-node": "dist/bin.js",
        "ts-node-cwd": "dist/bin-cwd.js",
        "ts-node-esm": "dist/bin-esm.js",
        "ts-node-script": "dist/bin-script.js",
        "ts-node-transpile-only": "dist/bin-transpile.js",
        "ts-script": "dist/bin-script-deprecated.js"
      },
      "peerDependencies": {
        "@swc/core": ">=1.2.50",
        "@swc/wasm": ">=1.2.50",
        "@types/node": "*",
        "typescript": ">=2.7"
      },
      "peerDependenciesMeta": {
        "@swc/core": {
          "optional": true
        },
        "@swc/wasm": {
          "optional": true
        }
      }
    },
    "node_modules/tslib": {
      "version": "2.6.3",
      "resolved": "https://pkgs.dev.azure.com/mobisysgmbh/_packaging/mobisys/npm/registry/tslib/-/tslib-2.6.3.tgz",
      "integrity": "sha1-BDj4EK16ntzeeiQcPYDbaTyMv+A=",
      "dev": true,
      "license": "0BSD"
    },
    "node_modules/typescript": {
      "version": "5.4.5",
      "resolved": "https://pkgs.dev.azure.com/mobisysgmbh/_packaging/mobisys/npm/registry/typescript/-/typescript-5.4.5.tgz",
      "integrity": "sha1-QszvLFcf29D2cYsdH15uXvAG9hE=",
      "dev": true,
      "license": "Apache-2.0",
      "bin": {
        "tsc": "bin/tsc",
        "tsserver": "bin/tsserver"
      },
      "engines": {
        "node": ">=14.17"
      }
    },
    "node_modules/undici-types": {
      "version": "5.26.5",
      "resolved": "https://pkgs.dev.azure.com/mobisysgmbh/_packaging/mobisys/npm/registry/undici-types/-/undici-types-5.26.5.tgz",
      "integrity": "sha1-vNU5iT0AtW6WT9JlekhmsiGmVhc=",
      "dev": true,
      "license": "MIT"
    },
    "node_modules/universalify": {
      "version": "2.0.1",
      "resolved": "https://pkgs.dev.azure.com/mobisysgmbh/_packaging/mobisys/npm/registry/universalify/-/universalify-2.0.1.tgz",
      "integrity": "sha1-Fo78IYCWTmOG0GHglN9hr+I5sY0=",
      "dev": true,
      "license": "MIT",
      "engines": {
        "node": ">= 10.0.0"
      }
    },
    "node_modules/v8-compile-cache-lib": {
      "version": "3.0.1",
      "resolved": "https://pkgs.dev.azure.com/mobisysgmbh/_packaging/mobisys/npm/registry/v8-compile-cache-lib/-/v8-compile-cache-lib-3.0.1.tgz",
      "integrity": "sha1-Yzbo1xllyz01obu3hoRFp8BSZL8=",
      "dev": true,
      "license": "MIT"
    },
    "node_modules/yn": {
      "version": "3.1.1",
      "resolved": "https://pkgs.dev.azure.com/mobisysgmbh/_packaging/mobisys/npm/registry/yn/-/yn-3.1.1.tgz",
      "integrity": "sha1-HodAGgnXZ8HV6rJqbkwYUYLS61A=",
      "dev": true,
      "license": "MIT",
      "engines": {
        "node": ">=6"
      }
    }
  },
  "dependencies": {
    "@cspotcode/source-map-support": {
      "version": "0.8.1",
      "resolved": "https://pkgs.dev.azure.com/mobisysgmbh/_packaging/mobisys/npm/registry/@cspotcode/source-map-support/-/source-map-support-0.8.1.tgz",
      "integrity": "sha1-AGKcNaaI4FqIsc2mhPudXnPwAKE=",
      "dev": true,
      "requires": {
        "@jridgewell/trace-mapping": "0.3.9"
      }
    },
    "@jridgewell/resolve-uri": {
      "version": "3.1.2",
      "resolved": "https://pkgs.dev.azure.com/mobisysgmbh/_packaging/mobisys/npm/registry/@jridgewell/resolve-uri/-/resolve-uri-3.1.2.tgz",
      "integrity": "sha1-eg7mAfYPmaIMfHxf8MgDiMEYm9Y=",
      "dev": true
    },
    "@jridgewell/sourcemap-codec": {
      "version": "1.4.15",
      "resolved": "https://pkgs.dev.azure.com/mobisysgmbh/_packaging/mobisys/npm/registry/@jridgewell/sourcemap-codec/-/sourcemap-codec-1.4.15.tgz",
      "integrity": "sha1-18bmdVx4VnqVHgSrUu8P0m3lnzI=",
      "dev": true
    },
    "@jridgewell/trace-mapping": {
      "version": "0.3.9",
      "resolved": "https://pkgs.dev.azure.com/mobisysgmbh/_packaging/mobisys/npm/registry/@jridgewell/trace-mapping/-/trace-mapping-0.3.9.tgz",
      "integrity": "sha1-ZTT9WTOlO6fL86F2FeJzoNEnP/k=",
      "dev": true,
      "requires": {
        "@jridgewell/resolve-uri": "^3.0.3",
        "@jridgewell/sourcemap-codec": "^1.4.10"
      }
    },
    "@mobisysgmbh/msb-custom-auth-api": {
      "version": "file:../msb-custom-auth-api",
      "requires": {
        "@teckel.ts-internal/eslint-config": "18.0.0",
        "@teckel.ts-internal/prettier-config": "3.1.0",
        "@teckel.ts-internal/ts-config": "5.0.0",
        "@types/node": "20.12.7",
        "typescript": "5.4.5"
      }
    },
    "@rollup/pluginutils": {
      "version": "4.2.1",
      "resolved": "https://pkgs.dev.azure.com/mobisysgmbh/_packaging/mobisys/npm/registry/@rollup/pluginutils/-/pluginutils-4.2.1.tgz",
      "integrity": "sha1-5sbDq6B0Ttzj+yB0ki03dsCvKm0=",
      "dev": true,
      "requires": {
        "estree-walker": "^2.0.1",
        "picomatch": "^2.2.2"
      }
    },
    "@rollup/rollup-android-arm-eabi": {
      "version": "4.18.0",
      "resolved": "https://pkgs.dev.azure.com/mobisysgmbh/_packaging/mobisys/npm/registry/@rollup/rollup-android-arm-eabi/-/rollup-android-arm-eabi-4.18.0.tgz",
      "integrity": "sha1-u9DmFrIHjNLWivyYJNH62y8v/Sc=",
      "dev": true,
      "optional": true
    },
    "@rollup/rollup-android-arm64": {
      "version": "4.18.0",
      "resolved": "https://pkgs.dev.azure.com/mobisysgmbh/_packaging/mobisys/npm/registry/@rollup/rollup-android-arm64/-/rollup-android-arm64-4.18.0.tgz",
      "integrity": "sha1-lyVe9jhMX3P0gAwN6R9fZRjiEgM=",
      "dev": true,
      "optional": true
    },
    "@rollup/rollup-darwin-arm64": {
      "version": "4.18.0",
      "resolved": "https://pkgs.dev.azure.com/mobisysgmbh/_packaging/mobisys/npm/registry/@rollup/rollup-darwin-arm64/-/rollup-darwin-arm64-4.18.0.tgz",
      "integrity": "sha1-tt104RdRDf6UVBZGBnsFRbQv8JY=",
      "dev": true,
      "optional": true
    },
    "@rollup/rollup-darwin-x64": {
      "version": "4.18.0",
      "resolved": "https://pkgs.dev.azure.com/mobisysgmbh/_packaging/mobisys/npm/registry/@rollup/rollup-darwin-x64/-/rollup-darwin-x64-4.18.0.tgz",
      "integrity": "sha1-4H123hzsmHZz5/PUjMuOEG1CwFw=",
      "dev": true,
      "optional": true
    },
    "@rollup/rollup-linux-arm-gnueabihf": {
      "version": "4.18.0",
      "resolved": "https://pkgs.dev.azure.com/mobisysgmbh/_packaging/mobisys/npm/registry/@rollup/rollup-linux-arm-gnueabihf/-/rollup-linux-arm-gnueabihf-4.18.0.tgz",
      "integrity": "sha1-nxptIYtWDJ11GFr0uLtC+fJHNrg=",
      "dev": true,
      "optional": true
    },
    "@rollup/rollup-linux-arm-musleabihf": {
      "version": "4.18.0",
      "resolved": "https://pkgs.dev.azure.com/mobisysgmbh/_packaging/mobisys/npm/registry/@rollup/rollup-linux-arm-musleabihf/-/rollup-linux-arm-musleabihf-4.18.0.tgz",
      "integrity": "sha1-U2GLkub/tkLHtiDm5ShEZREzBUk=",
      "dev": true,
      "optional": true
    },
    "@rollup/rollup-linux-arm64-gnu": {
      "version": "4.18.0",
      "resolved": "https://pkgs.dev.azure.com/mobisysgmbh/_packaging/mobisys/npm/registry/@rollup/rollup-linux-arm64-gnu/-/rollup-linux-arm64-gnu-4.18.0.tgz",
      "integrity": "sha1-mae6XnGdTwU3YaaY97Uikc77pXc=",
      "dev": true,
      "optional": true
    },
    "@rollup/rollup-linux-arm64-musl": {
      "version": "4.18.0",
      "resolved": "https://pkgs.dev.azure.com/mobisysgmbh/_packaging/mobisys/npm/registry/@rollup/rollup-linux-arm64-musl/-/rollup-linux-arm64-musl-4.18.0.tgz",
      "integrity": "sha1-9T25mkXZvADOlNuKNe+nw8FEpYw=",
      "dev": true,
      "optional": true
    },
    "@rollup/rollup-linux-powerpc64le-gnu": {
      "version": "4.18.0",
      "resolved": "https://pkgs.dev.azure.com/mobisysgmbh/_packaging/mobisys/npm/registry/@rollup/rollup-linux-powerpc64le-gnu/-/rollup-linux-powerpc64le-gnu-4.18.0.tgz",
      "integrity": "sha1-y7CDdAj+CBzjQ1zzcw4JD+uvyb8=",
      "dev": true,
      "optional": true
    },
    "@rollup/rollup-linux-riscv64-gnu": {
      "version": "4.18.0",
      "resolved": "https://pkgs.dev.azure.com/mobisysgmbh/_packaging/mobisys/npm/registry/@rollup/rollup-linux-riscv64-gnu/-/rollup-linux-riscv64-gnu-4.18.0.tgz",
      "integrity": "sha1-jtCcHRJiraTDjXkaKK4P6ii4DMk=",
      "dev": true,
      "optional": true
    },
    "@rollup/rollup-linux-s390x-gnu": {
      "version": "4.18.0",
      "resolved": "https://pkgs.dev.azure.com/mobisysgmbh/_packaging/mobisys/npm/registry/@rollup/rollup-linux-s390x-gnu/-/rollup-linux-s390x-gnu-4.18.0.tgz",
      "integrity": "sha1-k4E408jgyW8CIlKihEHc+xev1+w=",
      "dev": true,
      "optional": true
    },
    "@rollup/rollup-linux-x64-gnu": {
      "version": "4.18.0",
      "resolved": "https://pkgs.dev.azure.com/mobisysgmbh/_packaging/mobisys/npm/registry/@rollup/rollup-linux-x64-gnu/-/rollup-linux-x64-gnu-4.18.0.tgz",
      "integrity": "sha1-GnSBE3pUdAvuHe1K5XUkUPFV2UI=",
      "dev": true,
      "optional": true
    },
    "@rollup/rollup-linux-x64-musl": {
      "version": "4.18.0",
      "resolved": "https://pkgs.dev.azure.com/mobisysgmbh/_packaging/mobisys/npm/registry/@rollup/rollup-linux-x64-musl/-/rollup-linux-x64-musl-4.18.0.tgz",
      "integrity": "sha1-8Rhq/GAaxPT8JfrEyhXsvuOhh00=",
      "dev": true,
      "optional": true
    },
    "@rollup/rollup-win32-arm64-msvc": {
      "version": "4.18.0",
      "resolved": "https://pkgs.dev.azure.com/mobisysgmbh/_packaging/mobisys/npm/registry/@rollup/rollup-win32-arm64-msvc/-/rollup-win32-arm64-msvc-4.18.0.tgz",
      "integrity": "sha1-7WYD6TY2qWIDxpFb5BFyRcG9La8=",
      "dev": true,
      "optional": true
    },
    "@rollup/rollup-win32-ia32-msvc": {
      "version": "4.18.0",
      "resolved": "https://pkgs.dev.azure.com/mobisysgmbh/_packaging/mobisys/npm/registry/@rollup/rollup-win32-ia32-msvc/-/rollup-win32-ia32-msvc-4.18.0.tgz",
      "integrity": "sha1-FOC0BLHCXr5hV6Fe25xGlZunTFQ=",
      "dev": true,
      "optional": true
    },
    "@rollup/rollup-win32-x64-msvc": {
      "version": "4.18.0",
      "resolved": "https://pkgs.dev.azure.com/mobisysgmbh/_packaging/mobisys/npm/registry/@rollup/rollup-win32-x64-msvc/-/rollup-win32-x64-msvc-4.18.0.tgz",
      "integrity": "sha1-XWlNNFzja27PZXNJ4D64cpfmjaQ=",
      "dev": true,
      "optional": true
    },
    "@tsconfig/node10": {
      "version": "1.0.11",
      "resolved": "https://pkgs.dev.azure.com/mobisysgmbh/_packaging/mobisys/npm/registry/@tsconfig/node10/-/node10-1.0.11.tgz",
      "integrity": "sha1-buRkAGhfEw4ngSjHs4t+Ax/1svI=",
      "dev": true
    },
    "@tsconfig/node12": {
      "version": "1.0.11",
      "resolved": "https://pkgs.dev.azure.com/mobisysgmbh/_packaging/mobisys/npm/registry/@tsconfig/node12/-/node12-1.0.11.tgz",
      "integrity": "sha1-7j3vHyfZ7WbaxuRqKVz/sBUuBY0=",
      "dev": true
    },
    "@tsconfig/node14": {
      "version": "1.0.3",
      "resolved": "https://pkgs.dev.azure.com/mobisysgmbh/_packaging/mobisys/npm/registry/@tsconfig/node14/-/node14-1.0.3.tgz",
      "integrity": "sha1-5DhjFihPALmENb9A9y91oJ2r9sE=",
      "dev": true
    },
    "@tsconfig/node16": {
      "version": "1.0.4",
      "resolved": "https://pkgs.dev.azure.com/mobisysgmbh/_packaging/mobisys/npm/registry/@tsconfig/node16/-/node16-1.0.4.tgz",
      "integrity": "sha1-C5LcwMwcgfbzBqOB8o4xsaVlNuk=",
      "dev": true
    },
    "@types/estree": {
      "version": "1.0.5",
      "resolved": "https://pkgs.dev.azure.com/mobisysgmbh/_packaging/mobisys/npm/registry/@types/estree/-/estree-1.0.5.tgz",
      "integrity": "sha1-ps4+VW4A/ZiV3Yct0XKtDUvWh/Q=",
      "dev": true
    },
    "@types/node": {
      "version": "20.12.7",
      "resolved": "https://pkgs.dev.azure.com/mobisysgmbh/_packaging/mobisys/npm/registry/@types/node/-/node-20.12.7.tgz",
      "integrity": "sha1-BAgDYvo91sWCIGGqMST1wVLP84Q=",
      "dev": true,
      "requires": {
        "undici-types": "~5.26.4"
      }
    },
    "acorn": {
      "version": "8.11.3",
      "resolved": "https://pkgs.dev.azure.com/mobisysgmbh/_packaging/mobisys/npm/registry/acorn/-/acorn-8.11.3.tgz",
      "integrity": "sha1-ceCxThOk7BYHJLOPt7DyM7G4HXo=",
      "dev": true
    },
    "acorn-walk": {
      "version": "8.3.2",
      "resolved": "https://pkgs.dev.azure.com/mobisysgmbh/_packaging/mobisys/npm/registry/acorn-walk/-/acorn-walk-8.3.2.tgz",
      "integrity": "sha1-dwOvlBXxttuTFdaJVQOGLiMdNKo=",
      "dev": true
    },
    "arg": {
      "version": "4.1.3",
      "resolved": "https://pkgs.dev.azure.com/mobisysgmbh/_packaging/mobisys/npm/registry/arg/-/arg-4.1.3.tgz",
      "integrity": "sha1-Jp/HrVuOQstjyJbVZmAXJhwUQIk=",
      "dev": true
    },
    "commondir": {
      "version": "1.0.1",
      "resolved": "https://pkgs.dev.azure.com/mobisysgmbh/_packaging/mobisys/npm/registry/commondir/-/commondir-1.0.1.tgz",
      "integrity": "sha1-3dgA2gxmEnOTzKWVDqloo6rxJTs=",
      "dev": true
    },
    "create-require": {
      "version": "1.1.1",
      "resolved": "https://pkgs.dev.azure.com/mobisysgmbh/_packaging/mobisys/npm/registry/create-require/-/create-require-1.1.1.tgz",
      "integrity": "sha1-wdfo8eX2z8n/ZfnNNS03NIdWwzM=",
      "dev": true
    },
    "diff": {
      "version": "4.0.2",
      "resolved": "https://pkgs.dev.azure.com/mobisysgmbh/_packaging/mobisys/npm/registry/diff/-/diff-4.0.2.tgz",
      "integrity": "sha1-YPOuy4nV+uUgwRqhnvwruYKq3n0=",
      "dev": true
    },
    "estree-walker": {
      "version": "2.0.2",
      "resolved": "https://pkgs.dev.azure.com/mobisysgmbh/_packaging/mobisys/npm/registry/estree-walker/-/estree-walker-2.0.2.tgz",
      "integrity": "sha1-UvAQF4wqTBF6d1fP6UKtt9LaTKw=",
      "dev": true
    },
    "find-cache-dir": {
      "version": "3.3.2",
      "resolved": "https://pkgs.dev.azure.com/mobisysgmbh/_packaging/mobisys/npm/registry/find-cache-dir/-/find-cache-dir-3.3.2.tgz",
      "integrity": "sha1-swxbbv8HMHMa6pu9nb7L2AJW1ks=",
      "dev": true,
      "requires": {
        "commondir": "^1.0.1",
        "make-dir": "^3.0.2",
        "pkg-dir": "^4.1.0"
      }
    },
    "find-up": {
      "version": "4.1.0",
      "resolved": "https://pkgs.dev.azure.com/mobisysgmbh/_packaging/mobisys/npm/registry/find-up/-/find-up-4.1.0.tgz",
      "integrity": "sha1-l6/n1s3AvFkoWEt8jXsW6KmqXRk=",
      "dev": true,
      "requires": {
        "locate-path": "^5.0.0",
        "path-exists": "^4.0.0"
      }
    },
    "fs-extra": {
      "version": "11.2.0",
      "resolved": "https://pkgs.dev.azure.com/mobisysgmbh/_packaging/mobisys/npm/registry/fs-extra/-/fs-extra-11.2.0.tgz",
      "integrity": "sha1-5w4X361kIyKH0BkpOZ4Op8hrDls=",
      "dev": true,
      "requires": {
        "graceful-fs": "^4.2.0",
        "jsonfile": "^6.0.1",
        "universalify": "^2.0.0"
      }
    },
    "fsevents": {
      "version": "2.3.3",
      "resolved": "https://pkgs.dev.azure.com/mobisysgmbh/_packaging/mobisys/npm/registry/fsevents/-/fsevents-2.3.3.tgz",
      "integrity": "sha1-ysZAd4XQNnWipeGlMFxpezR9kNY=",
      "dev": true,
      "optional": true
    },
    "graceful-fs": {
      "version": "4.2.11",
      "resolved": "https://pkgs.dev.azure.com/mobisysgmbh/_packaging/mobisys/npm/registry/graceful-fs/-/graceful-fs-4.2.11.tgz",
      "integrity": "sha1-QYPk6L8Iu24Fu7L30uDI9xLKQOM=",
      "dev": true
    },
    "jsonfile": {
      "version": "6.1.0",
      "resolved": "https://pkgs.dev.azure.com/mobisysgmbh/_packaging/mobisys/npm/registry/jsonfile/-/jsonfile-6.1.0.tgz",
      "integrity": "sha1-vFWyY0eTxnnsZAMJTrE2mKbsCq4=",
      "dev": true,
      "requires": {
        "graceful-fs": "^4.1.6",
        "universalify": "^2.0.0"
      }
    },
    "locate-path": {
      "version": "5.0.0",
      "resolved": "https://pkgs.dev.azure.com/mobisysgmbh/_packaging/mobisys/npm/registry/locate-path/-/locate-path-5.0.0.tgz",
      "integrity": "sha1-Gvujlq/WdqbUJQTQpno6frn2KqA=",
      "dev": true,
      "requires": {
        "p-locate": "^4.1.0"
      }
    },
    "make-dir": {
      "version": "3.1.0",
      "resolved": "https://pkgs.dev.azure.com/mobisysgmbh/_packaging/mobisys/npm/registry/make-dir/-/make-dir-3.1.0.tgz",
      "integrity": "sha1-QV6WcEazp/HRhSd9hKpYIDcmoT8=",
      "dev": true,
      "requires": {
        "semver": "^6.0.0"
      },
      "dependencies": {
        "semver": {
          "version": "6.3.1",
          "resolved": "https://pkgs.dev.azure.com/mobisysgmbh/_packaging/mobisys/npm/registry/semver/-/semver-6.3.1.tgz",
          "integrity": "sha1-VW0u+GiRRuRtzqS/3QlfNDTf/LQ=",
          "dev": true
        }
      }
    },
    "make-error": {
      "version": "1.3.6",
      "resolved": "https://pkgs.dev.azure.com/mobisysgmbh/_packaging/mobisys/npm/registry/make-error/-/make-error-1.3.6.tgz",
      "integrity": "sha1-LrLjfqm2fEiR9oShOUeZr0hM96I=",
      "dev": true
    },
    "p-limit": {
      "version": "2.3.0",
      "resolved": "https://pkgs.dev.azure.com/mobisysgmbh/_packaging/mobisys/npm/registry/p-limit/-/p-limit-2.3.0.tgz",
      "integrity": "sha1-PdM8ZHohT9//2DWTPrCG2g3CHbE=",
      "dev": true,
      "requires": {
        "p-try": "^2.0.0"
      }
    },
    "p-locate": {
      "version": "4.1.0",
      "resolved": "https://pkgs.dev.azure.com/mobisysgmbh/_packaging/mobisys/npm/registry/p-locate/-/p-locate-4.1.0.tgz",
      "integrity": "sha1-o0KLtwiLOmApL2aRkni3wpetTwc=",
      "dev": true,
      "requires": {
        "p-limit": "^2.2.0"
      }
    },
    "p-try": {
      "version": "2.2.0",
      "resolved": "https://pkgs.dev.azure.com/mobisysgmbh/_packaging/mobisys/npm/registry/p-try/-/p-try-2.2.0.tgz",
      "integrity": "sha1-yyhoVA4xPWHeWPr741zpAE1VQOY=",
      "dev": true
    },
    "path-exists": {
      "version": "4.0.0",
      "resolved": "https://pkgs.dev.azure.com/mobisysgmbh/_packaging/mobisys/npm/registry/path-exists/-/path-exists-4.0.0.tgz",
      "integrity": "sha1-UTvb4tO5XXdi6METfvoZXGxhtbM=",
      "dev": true
    },
    "picomatch": {
      "version": "2.3.1",
      "resolved": "https://pkgs.dev.azure.com/mobisysgmbh/_packaging/mobisys/npm/registry/picomatch/-/picomatch-2.3.1.tgz",
      "integrity": "sha1-O6ODNzNkbZ0+SZWUbBNlpn+wekI=",
      "dev": true
    },
    "pkg-dir": {
      "version": "4.2.0",
      "resolved": "https://pkgs.dev.azure.com/mobisysgmbh/_packaging/mobisys/npm/registry/pkg-dir/-/pkg-dir-4.2.0.tgz",
      "integrity": "sha1-8JkTPfft5CLoHR2ESCcO6z5CYfM=",
      "dev": true,
      "requires": {
        "find-up": "^4.0.0"
      }
    },
    "prettier": {
      "version": "3.3.2",
      "resolved": "https://pkgs.dev.azure.com/mobisysgmbh/_packaging/mobisys/npm/registry/prettier/-/prettier-3.3.2.tgz",
      "integrity": "sha1-A/+G3HyDXy0lWe52h2o5FM7EqQo=",
      "dev": true
    },
    "rollup": {
      "version": "4.18.0",
      "resolved": "https://pkgs.dev.azure.com/mobisysgmbh/_packaging/mobisys/npm/registry/rollup/-/rollup-4.18.0.tgz",
      "integrity": "sha1-SX9g8MUwjkYCz0ETYzn7+H1fXdo=",
      "dev": true,
      "requires": {
        "@rollup/rollup-android-arm-eabi": "4.18.0",
        "@rollup/rollup-android-arm64": "4.18.0",
        "@rollup/rollup-darwin-arm64": "4.18.0",
        "@rollup/rollup-darwin-x64": "4.18.0",
        "@rollup/rollup-linux-arm-gnueabihf": "4.18.0",
        "@rollup/rollup-linux-arm-musleabihf": "4.18.0",
        "@rollup/rollup-linux-arm64-gnu": "4.18.0",
        "@rollup/rollup-linux-arm64-musl": "4.18.0",
        "@rollup/rollup-linux-powerpc64le-gnu": "4.18.0",
        "@rollup/rollup-linux-riscv64-gnu": "4.18.0",
        "@rollup/rollup-linux-s390x-gnu": "4.18.0",
        "@rollup/rollup-linux-x64-gnu": "4.18.0",
        "@rollup/rollup-linux-x64-musl": "4.18.0",
        "@rollup/rollup-win32-arm64-msvc": "4.18.0",
        "@rollup/rollup-win32-ia32-msvc": "4.18.0",
        "@rollup/rollup-win32-x64-msvc": "4.18.0",
        "@types/estree": "1.0.5",
        "fsevents": "~2.3.2"
      }
    },
    "rollup-plugin-typescript2": {
      "version": "0.36.0",
      "resolved": "https://pkgs.dev.azure.com/mobisysgmbh/_packaging/mobisys/npm/registry/rollup-plugin-typescript2/-/rollup-plugin-typescript2-0.36.0.tgz",
      "integrity": "sha1-MJVk63DXEEEvWQE0TKkgReGA7VM=",
      "dev": true,
      "requires": {
        "@rollup/pluginutils": "^4.1.2",
        "find-cache-dir": "^3.3.2",
        "fs-extra": "^10.0.0",
        "semver": "^7.5.4",
        "tslib": "^2.6.2"
      },
      "dependencies": {
        "fs-extra": {
          "version": "10.1.0",
          "resolved": "https://pkgs.dev.azure.com/mobisysgmbh/_packaging/mobisys/npm/registry/fs-extra/-/fs-extra-10.1.0.tgz",
          "integrity": "sha1-Aoc8+8QITd4SfqpfmQXu8jJdGr8=",
          "dev": true,
          "requires": {
            "graceful-fs": "^4.2.0",
            "jsonfile": "^6.0.1",
            "universalify": "^2.0.0"
          }
        }
      }
    },
    "semver": {
      "version": "7.6.2",
      "resolved": "https://pkgs.dev.azure.com/mobisysgmbh/_packaging/mobisys/npm/registry/semver/-/semver-7.6.2.tgz",
      "integrity": "sha1-Hjs0dZ+Jbo8U1hNHMs55iusMbhM=",
      "dev": true
    },
    "ts-node": {
      "version": "10.9.2",
      "resolved": "https://pkgs.dev.azure.com/mobisysgmbh/_packaging/mobisys/npm/registry/ts-node/-/ts-node-10.9.2.tgz",
      "integrity": "sha1-cPAhyeGFvM3Kgg4m3EE4BcEBxx8=",
      "dev": true,
      "requires": {
        "@cspotcode/source-map-support": "^0.8.0",
        "@tsconfig/node10": "^1.0.7",
        "@tsconfig/node12": "^1.0.7",
        "@tsconfig/node14": "^1.0.0",
        "@tsconfig/node16": "^1.0.2",
        "acorn": "^8.4.1",
        "acorn-walk": "^8.1.1",
        "arg": "^4.1.0",
        "create-require": "^1.1.0",
        "diff": "^4.0.1",
        "make-error": "^1.1.1",
        "v8-compile-cache-lib": "^3.0.1",
        "yn": "3.1.1"
      }
    },
    "tslib": {
      "version": "2.6.3",
      "resolved": "https://pkgs.dev.azure.com/mobisysgmbh/_packaging/mobisys/npm/registry/tslib/-/tslib-2.6.3.tgz",
      "integrity": "sha1-BDj4EK16ntzeeiQcPYDbaTyMv+A=",
      "dev": true
    },
    "typescript": {
      "version": "5.4.5",
      "resolved": "https://pkgs.dev.azure.com/mobisysgmbh/_packaging/mobisys/npm/registry/typescript/-/typescript-5.4.5.tgz",
      "integrity": "sha1-QszvLFcf29D2cYsdH15uXvAG9hE=",
      "dev": true
    },
    "undici-types": {
      "version": "5.26.5",
      "resolved": "https://pkgs.dev.azure.com/mobisysgmbh/_packaging/mobisys/npm/registry/undici-types/-/undici-types-5.26.5.tgz",
      "integrity": "sha1-vNU5iT0AtW6WT9JlekhmsiGmVhc=",
      "dev": true
    },
    "universalify": {
      "version": "2.0.1",
      "resolved": "https://pkgs.dev.azure.com/mobisysgmbh/_packaging/mobisys/npm/registry/universalify/-/universalify-2.0.1.tgz",
      "integrity": "sha1-Fo78IYCWTmOG0GHglN9hr+I5sY0=",
      "dev": true
    },
    "v8-compile-cache-lib": {
      "version": "3.0.1",
      "resolved": "https://pkgs.dev.azure.com/mobisysgmbh/_packaging/mobisys/npm/registry/v8-compile-cache-lib/-/v8-compile-cache-lib-3.0.1.tgz",
      "integrity": "sha1-Yzbo1xllyz01obu3hoRFp8BSZL8=",
      "dev": true
    },
    "yn": {
      "version": "3.1.1",
      "resolved": "https://pkgs.dev.azure.com/mobisysgmbh/_packaging/mobisys/npm/registry/yn/-/yn-3.1.1.tgz",
      "integrity": "sha1-HodAGgnXZ8HV6rJqbkwYUYLS61A=",
      "dev": true
    }
  }
}
